// !$*UTF8*$!
{
	archiveVersion = 1;
	classes = {
	};
	objectVersion = 56;
	objects = {

/* Begin PBXBuildFile section */
		8702637C2AC43150000CD909 /* Realm in Frameworks */ = {isa = PBXBuildFile; productRef = 8702637B2AC43150000CD909 /* Realm */; };
		8702637E2AC43150000CD909 /* RealmSwift in Frameworks */ = {isa = PBXBuildFile; productRef = 8702637D2AC43150000CD909 /* RealmSwift */; };
		870263802AC4363A000CD909 /* LoginView.swift in Sources */ = {isa = PBXBuildFile; fileRef = 8702637F2AC4363A000CD909 /* LoginView.swift */; };
		870E13212AD987BC007D7CE3 /* FountainCard.swift in Sources */ = {isa = PBXBuildFile; fileRef = 870E13202AD987BC007D7CE3 /* FountainCard.swift */; };
		870E13232AD98FB5007D7CE3 /* AccountDelete.swift in Sources */ = {isa = PBXBuildFile; fileRef = 870E13222AD98FB5007D7CE3 /* AccountDelete.swift */; };
		87166C0A2ADD9ADA00BEEF6D /* export.geojson in Resources */ = {isa = PBXBuildFile; fileRef = 87166C092ADD9AD900BEEF6D /* export.geojson */; };
		871DEB712AD0B6AE00A9965E /* SettingsView.swift in Sources */ = {isa = PBXBuildFile; fileRef = 871DEB702AD0B6AE00A9965E /* SettingsView.swift */; };
		871DEB732AD0B8F500A9965E /* HelpView.swift in Sources */ = {isa = PBXBuildFile; fileRef = 871DEB722AD0B8F500A9965E /* HelpView.swift */; };
		8726D4142ABD69BB00A75CD1 /* OverpassFetcher.swift in Sources */ = {isa = PBXBuildFile; fileRef = 8726D4132ABD69BB00A75CD1 /* OverpassFetcher.swift */; };
		873CD6DC2AD7127D00F99EA1 /* PasswordRecovery.swift in Sources */ = {isa = PBXBuildFile; fileRef = 873CD6DB2AD7127D00F99EA1 /* PasswordRecovery.swift */; };
		874A99402AD1ABD300347DFB /* Item.swift in Sources */ = {isa = PBXBuildFile; fileRef = 874A993F2AD1ABD300347DFB /* Item.swift */; };
		8770D80E2AE1215F00D775FA /* LoadingPopup.swift in Sources */ = {isa = PBXBuildFile; fileRef = 8770D80D2AE1215F00D775FA /* LoadingPopup.swift */; };
		877FFDFF2ABF46300035EC1D /* LocationManager.swift in Sources */ = {isa = PBXBuildFile; fileRef = 877FFDFE2ABF46300035EC1D /* LocationManager.swift */; };
		878043002ABB7590009E3F91 /* data.geojson in Resources */ = {isa = PBXBuildFile; fileRef = 878042FF2ABB7590009E3F91 /* data.geojson */; };
		878043022ABB7CBE009E3F91 /* example.json in Resources */ = {isa = PBXBuildFile; fileRef = 878043012ABB7CBE009E3F91 /* example.json */; };
		8789DA0C2AE2D4AF00AFCFD2 /* AuthView.swift in Sources */ = {isa = PBXBuildFile; fileRef = 8789DA0B2AE2D4AF00AFCFD2 /* AuthView.swift */; };
		8789DA102AE2E55300AFCFD2 /* FilterPopup.swift in Sources */ = {isa = PBXBuildFile; fileRef = 8789DA0F2AE2E55300AFCFD2 /* FilterPopup.swift */; };
		878BED3B2ABAF338003B9686 /* RacoonApp.swift in Sources */ = {isa = PBXBuildFile; fileRef = 878BED3A2ABAF338003B9686 /* RacoonApp.swift */; };
		878BED3D2ABAF338003B9686 /* ContentView.swift in Sources */ = {isa = PBXBuildFile; fileRef = 878BED3C2ABAF338003B9686 /* ContentView.swift */; };
		878BED412ABAF33B003B9686 /* Assets.xcassets in Resources */ = {isa = PBXBuildFile; fileRef = 878BED402ABAF33B003B9686 /* Assets.xcassets */; };
		878BED4E2ABAF357003B9686 /* JSONManager.swift in Sources */ = {isa = PBXBuildFile; fileRef = 878BED4D2ABAF357003B9686 /* JSONManager.swift */; };
		87AC84242ACB5FE7008A8F1C /* MarkerPopupView.swift in Sources */ = {isa = PBXBuildFile; fileRef = 87AC84232ACB5FE7008A8F1C /* MarkerPopupView.swift */; };
		87B57C942AC6044E001C9F3A /* MapRepresentable.swift in Sources */ = {isa = PBXBuildFile; fileRef = 87B57C932AC6044E001C9F3A /* MapRepresentable.swift */; };
		87BFB5242AE3FF0700F99B05 /* ListView.swift in Sources */ = {isa = PBXBuildFile; fileRef = 87BFB5232AE3FF0700F99B05 /* ListView.swift */; };
		87E4A82E2AD5B8150057290E /* LaunchScreen.storyboard in Resources */ = {isa = PBXBuildFile; fileRef = 87E4A82A2AD5B74E0057290E /* LaunchScreen.storyboard */; };
		87EA3E602ABD77E400551685 /* SideBar.swift in Sources */ = {isa = PBXBuildFile; fileRef = 87EA3E5F2ABD77E400551685 /* SideBar.swift */; };
		87EA3E632ABD781100551685 /* ActionButton.swift in Sources */ = {isa = PBXBuildFile; fileRef = 87EA3E622ABD781100551685 /* ActionButton.swift */; };
		87EA3E672ABD782A00551685 /* LeftButton.swift in Sources */ = {isa = PBXBuildFile; fileRef = 87EA3E662ABD782A00551685 /* LeftButton.swift */; };
		87EA3E692ABD783600551685 /* UserButton.swift in Sources */ = {isa = PBXBuildFile; fileRef = 87EA3E682ABD783600551685 /* UserButton.swift */; };
		87EA3E6C2ABD792A00551685 /* MapView.swift in Sources */ = {isa = PBXBuildFile; fileRef = 87EA3E6B2ABD792A00551685 /* MapView.swift */; };
		87F853F22AC45F7400E2186C /* RegistrationView.swift in Sources */ = {isa = PBXBuildFile; fileRef = 87F853F12AC45F7400E2186C /* RegistrationView.swift */; };
/* End PBXBuildFile section */

/* Begin PBXFileReference section */
		8702637F2AC4363A000CD909 /* LoginView.swift */ = {isa = PBXFileReference; lastKnownFileType = sourcecode.swift; path = LoginView.swift; sourceTree = "<group>"; };
		870E13202AD987BC007D7CE3 /* FountainCard.swift */ = {isa = PBXFileReference; lastKnownFileType = sourcecode.swift; path = FountainCard.swift; sourceTree = "<group>"; };
		870E13222AD98FB5007D7CE3 /* AccountDelete.swift */ = {isa = PBXFileReference; lastKnownFileType = sourcecode.swift; path = AccountDelete.swift; sourceTree = "<group>"; };
		87166C092ADD9AD900BEEF6D /* export.geojson */ = {isa = PBXFileReference; fileEncoding = 4; lastKnownFileType = text; path = export.geojson; sourceTree = "<group>"; };
		871DEB702AD0B6AE00A9965E /* SettingsView.swift */ = {isa = PBXFileReference; lastKnownFileType = sourcecode.swift; path = SettingsView.swift; sourceTree = "<group>"; };
		871DEB722AD0B8F500A9965E /* HelpView.swift */ = {isa = PBXFileReference; lastKnownFileType = sourcecode.swift; path = HelpView.swift; sourceTree = "<group>"; };
		8726D4132ABD69BB00A75CD1 /* OverpassFetcher.swift */ = {isa = PBXFileReference; lastKnownFileType = sourcecode.swift; path = OverpassFetcher.swift; sourceTree = "<group>"; };
		873CD6DB2AD7127D00F99EA1 /* PasswordRecovery.swift */ = {isa = PBXFileReference; lastKnownFileType = sourcecode.swift; path = PasswordRecovery.swift; sourceTree = "<group>"; };
		874A993F2AD1ABD300347DFB /* Item.swift */ = {isa = PBXFileReference; fileEncoding = 4; lastKnownFileType = sourcecode.swift; path = Item.swift; sourceTree = "<group>"; };
		8770D80D2AE1215F00D775FA /* LoadingPopup.swift */ = {isa = PBXFileReference; lastKnownFileType = sourcecode.swift; path = LoadingPopup.swift; sourceTree = "<group>"; };
		877FFDFE2ABF46300035EC1D /* LocationManager.swift */ = {isa = PBXFileReference; lastKnownFileType = sourcecode.swift; path = LocationManager.swift; sourceTree = "<group>"; };
		878042FF2ABB7590009E3F91 /* data.geojson */ = {isa = PBXFileReference; fileEncoding = 4; lastKnownFileType = text; path = data.geojson; sourceTree = "<group>"; };
		878043012ABB7CBE009E3F91 /* example.json */ = {isa = PBXFileReference; fileEncoding = 4; lastKnownFileType = text.json; path = example.json; sourceTree = "<group>"; };
		8789DA0B2AE2D4AF00AFCFD2 /* AuthView.swift */ = {isa = PBXFileReference; lastKnownFileType = sourcecode.swift; path = AuthView.swift; sourceTree = "<group>"; };
		8789DA0F2AE2E55300AFCFD2 /* FilterPopup.swift */ = {isa = PBXFileReference; lastKnownFileType = sourcecode.swift; path = FilterPopup.swift; sourceTree = "<group>"; };
		878BED372ABAF338003B9686 /* Racoon.app */ = {isa = PBXFileReference; explicitFileType = wrapper.application; includeInIndex = 0; path = Racoon.app; sourceTree = BUILT_PRODUCTS_DIR; };
		878BED3A2ABAF338003B9686 /* RacoonApp.swift */ = {isa = PBXFileReference; lastKnownFileType = sourcecode.swift; path = RacoonApp.swift; sourceTree = "<group>"; };
		878BED3C2ABAF338003B9686 /* ContentView.swift */ = {isa = PBXFileReference; lastKnownFileType = sourcecode.swift; path = ContentView.swift; sourceTree = "<group>"; };
		878BED402ABAF33B003B9686 /* Assets.xcassets */ = {isa = PBXFileReference; lastKnownFileType = folder.assetcatalog; path = Assets.xcassets; sourceTree = "<group>"; };
		878BED432ABAF33B003B9686 /* Preview Assets.xcassets */ = {isa = PBXFileReference; lastKnownFileType = folder.assetcatalog; path = "Preview Assets.xcassets"; sourceTree = "<group>"; };
		878BED452ABAF33B003B9686 /* Racoon.entitlements */ = {isa = PBXFileReference; lastKnownFileType = text.plist.entitlements; path = Racoon.entitlements; sourceTree = "<group>"; };
		878BED462ABAF33B003B9686 /* Info.plist */ = {isa = PBXFileReference; lastKnownFileType = text.plist.xml; path = Info.plist; sourceTree = "<group>"; };
		878BED4D2ABAF357003B9686 /* JSONManager.swift */ = {isa = PBXFileReference; lastKnownFileType = sourcecode.swift; path = JSONManager.swift; sourceTree = "<group>"; };
		87AC84232ACB5FE7008A8F1C /* MarkerPopupView.swift */ = {isa = PBXFileReference; lastKnownFileType = sourcecode.swift; path = MarkerPopupView.swift; sourceTree = "<group>"; };
		87B57C932AC6044E001C9F3A /* MapRepresentable.swift */ = {isa = PBXFileReference; lastKnownFileType = sourcecode.swift; path = MapRepresentable.swift; sourceTree = "<group>"; };
		87BFB5232AE3FF0700F99B05 /* ListView.swift */ = {isa = PBXFileReference; lastKnownFileType = sourcecode.swift; path = ListView.swift; sourceTree = "<group>"; };
		87E4A82A2AD5B74E0057290E /* LaunchScreen.storyboard */ = {isa = PBXFileReference; lastKnownFileType = file.storyboard; path = LaunchScreen.storyboard; sourceTree = "<group>"; };
		87EA3E5F2ABD77E400551685 /* SideBar.swift */ = {isa = PBXFileReference; lastKnownFileType = sourcecode.swift; path = SideBar.swift; sourceTree = "<group>"; };
		87EA3E622ABD781100551685 /* ActionButton.swift */ = {isa = PBXFileReference; lastKnownFileType = sourcecode.swift; path = ActionButton.swift; sourceTree = "<group>"; };
		87EA3E662ABD782A00551685 /* LeftButton.swift */ = {isa = PBXFileReference; lastKnownFileType = sourcecode.swift; path = LeftButton.swift; sourceTree = "<group>"; };
		87EA3E682ABD783600551685 /* UserButton.swift */ = {isa = PBXFileReference; lastKnownFileType = sourcecode.swift; path = UserButton.swift; sourceTree = "<group>"; };
		87EA3E6B2ABD792A00551685 /* MapView.swift */ = {isa = PBXFileReference; lastKnownFileType = sourcecode.swift; path = MapView.swift; sourceTree = "<group>"; };
		87F853F12AC45F7400E2186C /* RegistrationView.swift */ = {isa = PBXFileReference; lastKnownFileType = sourcecode.swift; path = RegistrationView.swift; sourceTree = "<group>"; };
/* End PBXFileReference section */

/* Begin PBXFrameworksBuildPhase section */
		878BED342ABAF338003B9686 /* Frameworks */ = {
			isa = PBXFrameworksBuildPhase;
			buildActionMask = 2147483647;
			files = (
				8702637E2AC43150000CD909 /* RealmSwift in Frameworks */,
				8702637C2AC43150000CD909 /* Realm in Frameworks */,
			);
			runOnlyForDeploymentPostprocessing = 0;
		};
/* End PBXFrameworksBuildPhase section */

/* Begin PBXGroup section */
		870E131F2AD987A6007D7CE3 /* Cards */ = {
			isa = PBXGroup;
			children = (
				870E13202AD987BC007D7CE3 /* FountainCard.swift */,
				8770D80D2AE1215F00D775FA /* LoadingPopup.swift */,
				8789DA0F2AE2E55300AFCFD2 /* FilterPopup.swift */,
			);
			path = Cards;
			sourceTree = "<group>";
		};
		8726D4122ABD69AD00A75CD1 /* Data */ = {
			isa = PBXGroup;
			children = (
				87166C092ADD9AD900BEEF6D /* export.geojson */,
				8726D4132ABD69BB00A75CD1 /* OverpassFetcher.swift */,
				877FFDFE2ABF46300035EC1D /* LocationManager.swift */,
			);
			path = Data;
			sourceTree = "<group>";
		};
		878BED2E2ABAF338003B9686 = {
			isa = PBXGroup;
			children = (
				878BED392ABAF338003B9686 /* Racoon */,
				878BED382ABAF338003B9686 /* Products */,
			);
			sourceTree = "<group>";
		};
		878BED382ABAF338003B9686 /* Products */ = {
			isa = PBXGroup;
			children = (
				878BED372ABAF338003B9686 /* Racoon.app */,
			);
			name = Products;
			sourceTree = "<group>";
		};
		878BED392ABAF338003B9686 /* Racoon */ = {
			isa = PBXGroup;
			children = (
				87E4A82A2AD5B74E0057290E /* LaunchScreen.storyboard */,
				874A993F2AD1ABD300347DFB /* Item.swift */,
				87EA3E6A2ABD791600551685 /* Views */,
				87EA3E5B2ABD775E00551685 /* Components */,
				8726D4122ABD69AD00A75CD1 /* Data */,
				878BED4D2ABAF357003B9686 /* JSONManager.swift */,
				878BED3A2ABAF338003B9686 /* RacoonApp.swift */,
				878BED3C2ABAF338003B9686 /* ContentView.swift */,
				878BED402ABAF33B003B9686 /* Assets.xcassets */,
				878BED452ABAF33B003B9686 /* Racoon.entitlements */,
				878BED462ABAF33B003B9686 /* Info.plist */,
				878BED422ABAF33B003B9686 /* Preview Content */,
			);
			path = Racoon;
			sourceTree = "<group>";
		};
		878BED422ABAF33B003B9686 /* Preview Content */ = {
			isa = PBXGroup;
			children = (
				878042FF2ABB7590009E3F91 /* data.geojson */,
				878043012ABB7CBE009E3F91 /* example.json */,
				878BED432ABAF33B003B9686 /* Preview Assets.xcassets */,
			);
			path = "Preview Content";
			sourceTree = "<group>";
		};
		87EA3E5B2ABD775E00551685 /* Components */ = {
			isa = PBXGroup;
			children = (
				870E131F2AD987A6007D7CE3 /* Cards */,
				87EA3E612ABD77FC00551685 /* Buttons */,
				87EA3E5E2ABD779600551685 /* Banners */,
			);
			path = Components;
			sourceTree = "<group>";
		};
		87EA3E5E2ABD779600551685 /* Banners */ = {
			isa = PBXGroup;
			children = (
				87EA3E5F2ABD77E400551685 /* SideBar.swift */,
			);
			path = Banners;
			sourceTree = "<group>";
		};
		87EA3E612ABD77FC00551685 /* Buttons */ = {
			isa = PBXGroup;
			children = (
				87EA3E622ABD781100551685 /* ActionButton.swift */,
				87EA3E662ABD782A00551685 /* LeftButton.swift */,
				87EA3E682ABD783600551685 /* UserButton.swift */,
				870E13222AD98FB5007D7CE3 /* AccountDelete.swift */,
			);
			path = Buttons;
			sourceTree = "<group>";
		};
		87EA3E6A2ABD791600551685 /* Views */ = {
			isa = PBXGroup;
			children = (
				87EA3E6B2ABD792A00551685 /* MapView.swift */,
				8702637F2AC4363A000CD909 /* LoginView.swift */,
				87F853F12AC45F7400E2186C /* RegistrationView.swift */,
				87B57C932AC6044E001C9F3A /* MapRepresentable.swift */,
				87AC84232ACB5FE7008A8F1C /* MarkerPopupView.swift */,
				871DEB702AD0B6AE00A9965E /* SettingsView.swift */,
				871DEB722AD0B8F500A9965E /* HelpView.swift */,
				873CD6DB2AD7127D00F99EA1 /* PasswordRecovery.swift */,
				8789DA0B2AE2D4AF00AFCFD2 /* AuthView.swift */,
				87BFB5232AE3FF0700F99B05 /* ListView.swift */,
			);
			path = Views;
			sourceTree = "<group>";
		};
/* End PBXGroup section */

/* Begin PBXNativeTarget section */
		878BED362ABAF338003B9686 /* Racoon */ = {
			isa = PBXNativeTarget;
			buildConfigurationList = 878BED492ABAF33B003B9686 /* Build configuration list for PBXNativeTarget "Racoon" */;
			buildPhases = (
				878BED332ABAF338003B9686 /* Sources */,
				878BED342ABAF338003B9686 /* Frameworks */,
				878BED352ABAF338003B9686 /* Resources */,
			);
			buildRules = (
			);
			dependencies = (
			);
			name = Racoon;
			packageProductDependencies = (
				8702637B2AC43150000CD909 /* Realm */,
				8702637D2AC43150000CD909 /* RealmSwift */,
			);
			productName = Racoon;
			productReference = 878BED372ABAF338003B9686 /* Racoon.app */;
			productType = "com.apple.product-type.application";
		};
/* End PBXNativeTarget section */

/* Begin PBXProject section */
		878BED2F2ABAF338003B9686 /* Project object */ = {
			isa = PBXProject;
			attributes = {
				BuildIndependentTargetsInParallel = 1;
				LastSwiftUpdateCheck = 1500;
				LastUpgradeCheck = 1500;
				TargetAttributes = {
					878BED362ABAF338003B9686 = {
						CreatedOnToolsVersion = 15.0;
					};
				};
			};
			buildConfigurationList = 878BED322ABAF338003B9686 /* Build configuration list for PBXProject "Racoon" */;
			compatibilityVersion = "Xcode 14.0";
			developmentRegion = en;
			hasScannedForEncodings = 0;
			knownRegions = (
				en,
				Base,
			);
			mainGroup = 878BED2E2ABAF338003B9686;
			packageReferences = (
				8702637A2AC43150000CD909 /* XCRemoteSwiftPackageReference "realm-swift" */,
			);
			productRefGroup = 878BED382ABAF338003B9686 /* Products */;
			projectDirPath = "";
			projectRoot = "";
			targets = (
				878BED362ABAF338003B9686 /* Racoon */,
			);
		};
/* End PBXProject section */

/* Begin PBXResourcesBuildPhase section */
		878BED352ABAF338003B9686 /* Resources */ = {
			isa = PBXResourcesBuildPhase;
			buildActionMask = 2147483647;
			files = (
				878BED412ABAF33B003B9686 /* Assets.xcassets in Resources */,
				87E4A82E2AD5B8150057290E /* LaunchScreen.storyboard in Resources */,
				878043002ABB7590009E3F91 /* data.geojson in Resources */,
				87166C0A2ADD9ADA00BEEF6D /* export.geojson in Resources */,
				878043022ABB7CBE009E3F91 /* example.json in Resources */,
			);
			runOnlyForDeploymentPostprocessing = 0;
		};
/* End PBXResourcesBuildPhase section */

/* Begin PBXSourcesBuildPhase section */
		878BED332ABAF338003B9686 /* Sources */ = {
			isa = PBXSourcesBuildPhase;
			buildActionMask = 2147483647;
			files = (
				8789DA102AE2E55300AFCFD2 /* FilterPopup.swift in Sources */,
				8726D4142ABD69BB00A75CD1 /* OverpassFetcher.swift in Sources */,
				873CD6DC2AD7127D00F99EA1 /* PasswordRecovery.swift in Sources */,
				87EA3E6C2ABD792A00551685 /* MapView.swift in Sources */,
				874A99402AD1ABD300347DFB /* Item.swift in Sources */,
				87AC84242ACB5FE7008A8F1C /* MarkerPopupView.swift in Sources */,
				870263802AC4363A000CD909 /* LoginView.swift in Sources */,
				870E13232AD98FB5007D7CE3 /* AccountDelete.swift in Sources */,
				87BFB5242AE3FF0700F99B05 /* ListView.swift in Sources */,
				871DEB712AD0B6AE00A9965E /* SettingsView.swift in Sources */,
				8770D80E2AE1215F00D775FA /* LoadingPopup.swift in Sources */,
				871DEB732AD0B8F500A9965E /* HelpView.swift in Sources */,
				878BED3D2ABAF338003B9686 /* ContentView.swift in Sources */,
				87EA3E602ABD77E400551685 /* SideBar.swift in Sources */,
				87F853F22AC45F7400E2186C /* RegistrationView.swift in Sources */,
				87B57C942AC6044E001C9F3A /* MapRepresentable.swift in Sources */,
				87EA3E672ABD782A00551685 /* LeftButton.swift in Sources */,
				870E13212AD987BC007D7CE3 /* FountainCard.swift in Sources */,
				878BED4E2ABAF357003B9686 /* JSONManager.swift in Sources */,
				878BED3B2ABAF338003B9686 /* RacoonApp.swift in Sources */,
				87EA3E632ABD781100551685 /* ActionButton.swift in Sources */,
				87EA3E692ABD783600551685 /* UserButton.swift in Sources */,
				8789DA0C2AE2D4AF00AFCFD2 /* AuthView.swift in Sources */,
				877FFDFF2ABF46300035EC1D /* LocationManager.swift in Sources */,
			);
			runOnlyForDeploymentPostprocessing = 0;
		};
/* End PBXSourcesBuildPhase section */

/* Begin XCBuildConfiguration section */
		878BED472ABAF33B003B9686 /* Debug */ = {
			isa = XCBuildConfiguration;
			buildSettings = {
				ALWAYS_SEARCH_USER_PATHS = NO;
				ASSETCATALOG_COMPILER_GENERATE_SWIFT_ASSET_SYMBOL_EXTENSIONS = YES;
				CLANG_ANALYZER_NONNULL = YES;
				CLANG_ANALYZER_NUMBER_OBJECT_CONVERSION = YES_AGGRESSIVE;
				CLANG_CXX_LANGUAGE_STANDARD = "gnu++20";
				CLANG_ENABLE_MODULES = YES;
				CLANG_ENABLE_OBJC_ARC = YES;
				CLANG_ENABLE_OBJC_WEAK = YES;
				CLANG_WARN_BLOCK_CAPTURE_AUTORELEASING = YES;
				CLANG_WARN_BOOL_CONVERSION = YES;
				CLANG_WARN_COMMA = YES;
				CLANG_WARN_CONSTANT_CONVERSION = YES;
				CLANG_WARN_DEPRECATED_OBJC_IMPLEMENTATIONS = YES;
				CLANG_WARN_DIRECT_OBJC_ISA_USAGE = YES_ERROR;
				CLANG_WARN_DOCUMENTATION_COMMENTS = YES;
				CLANG_WARN_EMPTY_BODY = YES;
				CLANG_WARN_ENUM_CONVERSION = YES;
				CLANG_WARN_INFINITE_RECURSION = YES;
				CLANG_WARN_INT_CONVERSION = YES;
				CLANG_WARN_NON_LITERAL_NULL_CONVERSION = YES;
				CLANG_WARN_OBJC_IMPLICIT_RETAIN_SELF = YES;
				CLANG_WARN_OBJC_LITERAL_CONVERSION = YES;
				CLANG_WARN_OBJC_ROOT_CLASS = YES_ERROR;
				CLANG_WARN_QUOTED_INCLUDE_IN_FRAMEWORK_HEADER = YES;
				CLANG_WARN_RANGE_LOOP_ANALYSIS = YES;
				CLANG_WARN_STRICT_PROTOTYPES = YES;
				CLANG_WARN_SUSPICIOUS_MOVE = YES;
				CLANG_WARN_UNGUARDED_AVAILABILITY = YES_AGGRESSIVE;
				CLANG_WARN_UNREACHABLE_CODE = YES;
				CLANG_WARN__DUPLICATE_METHOD_MATCH = YES;
				COPY_PHASE_STRIP = NO;
				DEBUG_INFORMATION_FORMAT = dwarf;
				ENABLE_STRICT_OBJC_MSGSEND = YES;
				ENABLE_TESTABILITY = YES;
				ENABLE_USER_SCRIPT_SANDBOXING = YES;
				GCC_C_LANGUAGE_STANDARD = gnu17;
				GCC_DYNAMIC_NO_PIC = NO;
				GCC_NO_COMMON_BLOCKS = YES;
				GCC_OPTIMIZATION_LEVEL = 0;
				GCC_PREPROCESSOR_DEFINITIONS = (
					"DEBUG=1",
					"$(inherited)",
				);
				GCC_WARN_64_TO_32_BIT_CONVERSION = YES;
				GCC_WARN_ABOUT_RETURN_TYPE = YES_ERROR;
				GCC_WARN_UNDECLARED_SELECTOR = YES;
				GCC_WARN_UNINITIALIZED_AUTOS = YES_AGGRESSIVE;
				GCC_WARN_UNUSED_FUNCTION = YES;
				GCC_WARN_UNUSED_VARIABLE = YES;
				IPHONEOS_DEPLOYMENT_TARGET = 17.0;
				LOCALIZATION_PREFERS_STRING_CATALOGS = YES;
				MTL_ENABLE_DEBUG_INFO = INCLUDE_SOURCE;
				MTL_FAST_MATH = YES;
				ONLY_ACTIVE_ARCH = YES;
				SDKROOT = iphoneos;
				SWIFT_ACTIVE_COMPILATION_CONDITIONS = "DEBUG $(inherited)";
				SWIFT_OPTIMIZATION_LEVEL = "-Onone";
			};
			name = Debug;
		};
		878BED482ABAF33B003B9686 /* Release */ = {
			isa = XCBuildConfiguration;
			buildSettings = {
				ALWAYS_SEARCH_USER_PATHS = NO;
				ASSETCATALOG_COMPILER_GENERATE_SWIFT_ASSET_SYMBOL_EXTENSIONS = YES;
				CLANG_ANALYZER_NONNULL = YES;
				CLANG_ANALYZER_NUMBER_OBJECT_CONVERSION = YES_AGGRESSIVE;
				CLANG_CXX_LANGUAGE_STANDARD = "gnu++20";
				CLANG_ENABLE_MODULES = YES;
				CLANG_ENABLE_OBJC_ARC = YES;
				CLANG_ENABLE_OBJC_WEAK = YES;
				CLANG_WARN_BLOCK_CAPTURE_AUTORELEASING = YES;
				CLANG_WARN_BOOL_CONVERSION = YES;
				CLANG_WARN_COMMA = YES;
				CLANG_WARN_CONSTANT_CONVERSION = YES;
				CLANG_WARN_DEPRECATED_OBJC_IMPLEMENTATIONS = YES;
				CLANG_WARN_DIRECT_OBJC_ISA_USAGE = YES_ERROR;
				CLANG_WARN_DOCUMENTATION_COMMENTS = YES;
				CLANG_WARN_EMPTY_BODY = YES;
				CLANG_WARN_ENUM_CONVERSION = YES;
				CLANG_WARN_INFINITE_RECURSION = YES;
				CLANG_WARN_INT_CONVERSION = YES;
				CLANG_WARN_NON_LITERAL_NULL_CONVERSION = YES;
				CLANG_WARN_OBJC_IMPLICIT_RETAIN_SELF = YES;
				CLANG_WARN_OBJC_LITERAL_CONVERSION = YES;
				CLANG_WARN_OBJC_ROOT_CLASS = YES_ERROR;
				CLANG_WARN_QUOTED_INCLUDE_IN_FRAMEWORK_HEADER = YES;
				CLANG_WARN_RANGE_LOOP_ANALYSIS = YES;
				CLANG_WARN_STRICT_PROTOTYPES = YES;
				CLANG_WARN_SUSPICIOUS_MOVE = YES;
				CLANG_WARN_UNGUARDED_AVAILABILITY = YES_AGGRESSIVE;
				CLANG_WARN_UNREACHABLE_CODE = YES;
				CLANG_WARN__DUPLICATE_METHOD_MATCH = YES;
				COPY_PHASE_STRIP = NO;
				DEBUG_INFORMATION_FORMAT = "dwarf-with-dsym";
				ENABLE_NS_ASSERTIONS = NO;
				ENABLE_STRICT_OBJC_MSGSEND = YES;
				ENABLE_USER_SCRIPT_SANDBOXING = YES;
				GCC_C_LANGUAGE_STANDARD = gnu17;
				GCC_NO_COMMON_BLOCKS = YES;
				GCC_WARN_64_TO_32_BIT_CONVERSION = YES;
				GCC_WARN_ABOUT_RETURN_TYPE = YES_ERROR;
				GCC_WARN_UNDECLARED_SELECTOR = YES;
				GCC_WARN_UNINITIALIZED_AUTOS = YES_AGGRESSIVE;
				GCC_WARN_UNUSED_FUNCTION = YES;
				GCC_WARN_UNUSED_VARIABLE = YES;
				IPHONEOS_DEPLOYMENT_TARGET = 17.0;
				LOCALIZATION_PREFERS_STRING_CATALOGS = YES;
				MTL_ENABLE_DEBUG_INFO = NO;
				MTL_FAST_MATH = YES;
				SDKROOT = iphoneos;
				SWIFT_COMPILATION_MODE = wholemodule;
				VALIDATE_PRODUCT = YES;
			};
			name = Release;
		};
		878BED4A2ABAF33B003B9686 /* Debug */ = {
			isa = XCBuildConfiguration;
			buildSettings = {
				ASSETCATALOG_COMPILER_APPICON_NAME = "";
				ASSETCATALOG_COMPILER_GLOBAL_ACCENT_COLOR_NAME = AccentColor;
				ASSETCATALOG_COMPILER_INCLUDE_ALL_APPICON_ASSETS = YES;
				CODE_SIGN_ENTITLEMENTS = Racoon/Racoon.entitlements;
				CODE_SIGN_IDENTITY = "Apple Development";
				CODE_SIGN_STYLE = Automatic;
				CURRENT_PROJECT_VERSION = 3;
				DEVELOPMENT_ASSET_PATHS = "\"Racoon/Preview Content\"";
				DEVELOPMENT_TEAM = R76J7AL6C3;
				ENABLE_PREVIEWS = YES;
				GENERATE_INFOPLIST_FILE = YES;
				INFOPLIST_FILE = Racoon/Info.plist;
				INFOPLIST_KEY_CFBundleDisplayName = Racoon;
				INFOPLIST_KEY_LSApplicationCategoryType = "public.app-category.travel";
				INFOPLIST_KEY_NSLocationAlwaysAndWhenInUseUsageDescription = "Please provide your location to enable Racoon to find local amenities";
				INFOPLIST_KEY_NSLocationWhenInUseUsageDescription = "Please provide your location to enable Racoon to find local amenities";
				INFOPLIST_KEY_UIApplicationSceneManifest_Generation = YES;
				INFOPLIST_KEY_UIApplicationSupportsIndirectInputEvents = YES;
				INFOPLIST_KEY_UILaunchScreen_Generation = YES;
				INFOPLIST_KEY_UILaunchStoryboardName = LaunchScreen.storyboard;
				INFOPLIST_KEY_UIStatusBarStyle = "";
				INFOPLIST_KEY_UISupportedInterfaceOrientations = UIInterfaceOrientationPortrait;
				INFOPLIST_KEY_UISupportedInterfaceOrientations_iPad = "UIInterfaceOrientationLandscapeLeft UIInterfaceOrientationLandscapeRight UIInterfaceOrientationPortrait UIInterfaceOrientationPortraitUpsideDown";
				IPHONEOS_DEPLOYMENT_TARGET = 17.0;
				LD_RUNPATH_SEARCH_PATHS = (
					"$(inherited)",
					"@executable_path/Frameworks",
				);
				MARKETING_VERSION = 1.02;
				PRODUCT_BUNDLE_IDENTIFIER = com.project.racoon2;
				PRODUCT_NAME = "$(TARGET_NAME)";
				PROVISIONING_PROFILE_SPECIFIER = "";
				SUPPORTED_PLATFORMS = "iphoneos iphonesimulator";
				SUPPORTS_MACCATALYST = NO;
				SUPPORTS_MAC_DESIGNED_FOR_IPHONE_IPAD = NO;
				SWIFT_EMIT_LOC_STRINGS = YES;
				SWIFT_VERSION = 5.0;
				TARGETED_DEVICE_FAMILY = 1;
			};
			name = Debug;
		};
		878BED4B2ABAF33B003B9686 /* Release */ = {
			isa = XCBuildConfiguration;
			buildSettings = {
				ASSETCATALOG_COMPILER_APPICON_NAME = "";
				"ASSETCATALOG_COMPILER_APPICON_NAME[sdk=iphoneos*]" = AppIcon;
				ASSETCATALOG_COMPILER_GLOBAL_ACCENT_COLOR_NAME = AccentColor;
				ASSETCATALOG_COMPILER_INCLUDE_ALL_APPICON_ASSETS = YES;
				CODE_SIGN_ENTITLEMENTS = Racoon/Racoon.entitlements;
				CODE_SIGN_IDENTITY = "Apple Development";
				CODE_SIGN_STYLE = Automatic;
				CURRENT_PROJECT_VERSION = 3;
				DEVELOPMENT_ASSET_PATHS = "\"Racoon/Preview Content\"";
				DEVELOPMENT_TEAM = R76J7AL6C3;
				ENABLE_PREVIEWS = YES;
				GENERATE_INFOPLIST_FILE = YES;
				INFOPLIST_FILE = Racoon/Info.plist;
				INFOPLIST_KEY_CFBundleDisplayName = Racoon;
				INFOPLIST_KEY_LSApplicationCategoryType = "public.app-category.travel";
				INFOPLIST_KEY_NSLocationAlwaysAndWhenInUseUsageDescription = "Please provide your location to enable Racoon to find local amenities";
				INFOPLIST_KEY_NSLocationWhenInUseUsageDescription = "Please provide your location to enable Racoon to find local amenities";
				INFOPLIST_KEY_UIApplicationSceneManifest_Generation = YES;
				INFOPLIST_KEY_UIApplicationSupportsIndirectInputEvents = YES;
				INFOPLIST_KEY_UILaunchScreen_Generation = YES;
				INFOPLIST_KEY_UILaunchStoryboardName = LaunchScreen.storyboard;
				INFOPLIST_KEY_UIStatusBarStyle = "";
				INFOPLIST_KEY_UISupportedInterfaceOrientations = UIInterfaceOrientationPortrait;
				INFOPLIST_KEY_UISupportedInterfaceOrientations_iPad = "UIInterfaceOrientationLandscapeLeft UIInterfaceOrientationLandscapeRight UIInterfaceOrientationPortrait UIInterfaceOrientationPortraitUpsideDown";
				IPHONEOS_DEPLOYMENT_TARGET = 17.0;
				LD_RUNPATH_SEARCH_PATHS = (
					"$(inherited)",
					"@executable_path/Frameworks",
				);
				MARKETING_VERSION = 1.02;
				PRODUCT_BUNDLE_IDENTIFIER = com.project.racoon2;
				PRODUCT_NAME = "$(TARGET_NAME)";
				PROVISIONING_PROFILE_SPECIFIER = "";
				SUPPORTED_PLATFORMS = "iphoneos iphonesimulator";
				SUPPORTS_MACCATALYST = NO;
				SUPPORTS_MAC_DESIGNED_FOR_IPHONE_IPAD = NO;
				SWIFT_EMIT_LOC_STRINGS = YES;
				SWIFT_VERSION = 5.0;
				TARGETED_DEVICE_FAMILY = 1;
			};
			name = Release;
		};
/* End XCBuildConfiguration section */

/* Begin XCConfigurationList section */
		878BED322ABAF338003B9686 /* Build configuration list for PBXProject "Racoon" */ = {
			isa = XCConfigurationList;
			buildConfigurations = (
				878BED472ABAF33B003B9686 /* Debug */,
				878BED482ABAF33B003B9686 /* Release */,
			);
			defaultConfigurationIsVisible = 0;
			defaultConfigurationName = Release;
		};
		878BED492ABAF33B003B9686 /* Build configuration list for PBXNativeTarget "Racoon" */ = {
			isa = XCConfigurationList;
			buildConfigurations = (
				878BED4A2ABAF33B003B9686 /* Debug */,
				878BED4B2ABAF33B003B9686 /* Release */,
			);
			defaultConfigurationIsVisible = 0;
			defaultConfigurationName = Release;
		};
/* End XCConfigurationList section */

/* Begin XCRemoteSwiftPackageReference section */
		8702637A2AC43150000CD909 /* XCRemoteSwiftPackageReference "realm-swift" */ = {
			isa = XCRemoteSwiftPackageReference;
			repositoryURL = "https://github.com/realm/realm-swift.git";
			requirement = {
				branch = master;
				kind = branch;
			};
		};
/* End XCRemoteSwiftPackageReference section */

/* Begin XCSwiftPackageProductDependency section */
		8702637B2AC43150000CD909 /* Realm */ = {
			isa = XCSwiftPackageProductDependency;
			package = 8702637A2AC43150000CD909 /* XCRemoteSwiftPackageReference "realm-swift" */;
			productName = Realm;
		};
		8702637D2AC43150000CD909 /* RealmSwift */ = {
			isa = XCSwiftPackageProductDependency;
			package = 8702637A2AC43150000CD909 /* XCRemoteSwiftPackageReference "realm-swift" */;
			productName = RealmSwift;
		};
/* End XCSwiftPackageProductDependency section */
	};
	rootObject = 878BED2F2ABAF338003B9686 /* Project object */;
}
